
Microsoft Visual Studio Solution File, Format Version 12.00
# Visual Studio Version 16
VisualStudioVersion = 16.0.30503.244
MinimumVisualStudioVersion = 10.0.40219.1
Project("{8BC9CEB8-8B4A-11D0-8D11-00A0C91BC942}") = "Times Table", "Coding Conundrums\Coding Conundrums.vcxproj", "{1677A844-EF51-4FED-8BA7-18E83FAF0547}"
EndProject
Project("{8BC9CEB8-8B4A-11D0-8D11-00A0C91BC942}") = "Average Mark", "Average Mark\Average Mark.vcxproj", "{CF7410B5-5DD9-456B-8052-739907D9D65C}"
EndProject
Project("{8BC9CEB8-8B4A-11D0-8D11-00A0C91BC942}") = "Sequence Reversal", "Sequence Reversal\Sequence Reversal.vcxproj", "{A9D06893-3BD7-477B-AC02-9F89C27635DC}"
EndProject
Project("{8BC9CEB8-8B4A-11D0-8D11-00A0C91BC942}") = "Number Shuffle", "NumberShuffle\NumberShuffle.vcxproj", "{4A95E49C-A12C-4B11-9C81-9121746CEE2C}"
EndProject
Project("{8BC9CEB8-8B4A-11D0-8D11-00A0C91BC942}") = "Shoe Popularity Contest", "Shoe Popularity Contest\Shoe Popularity Contest.vcxproj", "{3C428E78-D12A-4D16-948A-664F9E9FF265}"
EndProject
Project("{8BC9CEB8-8B4A-11D0-8D11-00A0C91BC942}") = "Total Carp", "Total Carp\Total Carp.vcxproj", "{103946F3-E854-4457-990E-F94E10BCED0A}"
EndProject
Project("{8BC9CEB8-8B4A-11D0-8D11-00A0C91BC942}") = "Ingredients Tracker", "Ingredients Tracker\Ingredients Tracker.vcxproj", "{247DB427-B6CF-408D-BE89-6B502F450700}"
EndProject
Global
	GlobalSection(SolutionConfigurationPlatforms) = preSolution
		Debug|x64 = Debug|x64
		Debug|x86 = Debug|x86
		Release|x64 = Release|x64
		Release|x86 = Release|x86
	EndGlobalSection
	GlobalSection(ProjectConfigurationPlatforms) = postSolution
		{1677A844-EF51-4FED-8BA7-18E83FAF0547}.Debug|x64.ActiveCfg = Debug|x64
		{1677A844-EF51-4FED-8BA7-18E83FAF0547}.Debug|x64.Build.0 = Debug|x64
		{1677A844-EF51-4FED-8BA7-18E83FAF0547}.Debug|x86.ActiveCfg = Debug|Win32
		{1677A844-EF51-4FED-8BA7-18E83FAF0547}.Debug|x86.Build.0 = Debug|Win32
		{1677A844-EF51-4FED-8BA7-18E83FAF0547}.Release|x64.ActiveCfg = Release|x64
		{1677A844-EF51-4FED-8BA7-18E83FAF0547}.Release|x64.Build.0 = Release|x64
		{1677A844-EF51-4FED-8BA7-18E83FAF0547}.Release|x86.ActiveCfg = Release|Win32
		{1677A844-EF51-4FED-8BA7-18E83FAF0547}.Release|x86.Build.0 = Release|Win32
		{CF7410B5-5DD9-456B-8052-739907D9D65C}.Debug|x64.ActiveCfg = Debug|x64
		{CF7410B5-5DD9-456B-8052-739907D9D65C}.Debug|x64.Build.0 = Debug|x64
		{CF7410B5-5DD9-456B-8052-739907D9D65C}.Debug|x86.ActiveCfg = Debug|Win32
		{CF7410B5-5DD9-456B-8052-739907D9D65C}.Debug|x86.Build.0 = Debug|Win32
		{CF7410B5-5DD9-456B-8052-739907D9D65C}.Release|x64.ActiveCfg = Release|x64
		{CF7410B5-5DD9-456B-8052-739907D9D65C}.Release|x64.Build.0 = Release|x64
		{CF7410B5-5DD9-456B-8052-739907D9D65C}.Release|x86.ActiveCfg = Release|Win32
		{CF7410B5-5DD9-456B-8052-739907D9D65C}.Release|x86.Build.0 = Release|Win32
		{A9D06893-3BD7-477B-AC02-9F89C27635DC}.Debug|x64.ActiveCfg = Debug|x64
		{A9D06893-3BD7-477B-AC02-9F89C27635DC}.Debug|x64.Build.0 = Debug|x64
		{A9D06893-3BD7-477B-AC02-9F89C27635DC}.Debug|x86.ActiveCfg = Debug|Win32
		{A9D06893-3BD7-477B-AC02-9F89C27635DC}.Debug|x86.Build.0 = Debug|Win32
		{A9D06893-3BD7-477B-AC02-9F89C27635DC}.Release|x64.ActiveCfg = Release|x64
		{A9D06893-3BD7-477B-AC02-9F89C27635DC}.Release|x64.Build.0 = Release|x64
		{A9D06893-3BD7-477B-AC02-9F89C27635DC}.Release|x86.ActiveCfg = Release|Win32
		{A9D06893-3BD7-477B-AC02-9F89C27635DC}.Release|x86.Build.0 = Release|Win32
		{4A95E49C-A12C-4B11-9C81-9121746CEE2C}.Debug|x64.ActiveCfg = Debug|x64
		{4A95E49C-A12C-4B11-9C81-9121746CEE2C}.Debug|x64.Build.0 = Debug|x64
		{4A95E49C-A12C-4B11-9C81-9121746CEE2C}.Debug|x86.ActiveCfg = Debug|Win32
		{4A95E49C-A12C-4B11-9C81-9121746CEE2C}.Debug|x86.Build.0 = Debug|Win32
		{4A95E49C-A12C-4B11-9C81-9121746CEE2C}.Release|x64.ActiveCfg = Release|x64
		{4A95E49C-A12C-4B11-9C81-9121746CEE2C}.Release|x64.Build.0 = Release|x64
		{4A95E49C-A12C-4B11-9C81-9121746CEE2C}.Release|x86.ActiveCfg = Release|Win32
		{4A95E49C-A12C-4B11-9C81-9121746CEE2C}.Release|x86.Build.0 = Release|Win32
		{3C428E78-D12A-4D16-948A-664F9E9FF265}.Debug|x64.ActiveCfg = Debug|x64
		{3C428E78-D12A-4D16-948A-664F9E9FF265}.Debug|x64.Build.0 = Debug|x64
		{3C428E78-D12A-4D16-948A-664F9E9FF265}.Debug|x86.ActiveCfg = Debug|Win32
		{3C428E78-D12A-4D16-948A-664F9E9FF265}.Debug|x86.Build.0 = Debug|Win32
		{3C428E78-D12A-4D16-948A-664F9E9FF265}.Release|x64.ActiveCfg = Release|x64
		{3C428E78-D12A-4D16-948A-664F9E9FF265}.Release|x64.Build.0 = Release|x64
		{3C428E78-D12A-4D16-948A-664F9E9FF265}.Release|x86.ActiveCfg = Release|Win32
		{3C428E78-D12A-4D16-948A-664F9E9FF265}.Release|x86.Build.0 = Release|Win32
		{103946F3-E854-4457-990E-F94E10BCED0A}.Debug|x64.ActiveCfg = Debug|x64
		{103946F3-E854-4457-990E-F94E10BCED0A}.Debug|x64.Build.0 = Debug|x64
		{103946F3-E854-4457-990E-F94E10BCED0A}.Debug|x86.ActiveCfg = Debug|Win32
		{103946F3-E854-4457-990E-F94E10BCED0A}.Debug|x86.Build.0 = Debug|Win32
		{103946F3-E854-4457-990E-F94E10BCED0A}.Release|x64.ActiveCfg = Release|x64
		{103946F3-E854-4457-990E-F94E10BCED0A}.Release|x64.Build.0 = Release|x64
		{103946F3-E854-4457-990E-F94E10BCED0A}.Release|x86.ActiveCfg = Release|Win32
		{103946F3-E854-4457-990E-F94E10BCED0A}.Release|x86.Build.0 = Release|Win32
		{247DB427-B6CF-408D-BE89-6B502F450700}.Debug|x64.ActiveCfg = Debug|x64
		{247DB427-B6CF-408D-BE89-6B502F450700}.Debug|x64.Build.0 = Debug|x64
		{247DB427-B6CF-408D-BE89-6B502F450700}.Debug|x86.ActiveCfg = Debug|Win32
		{247DB427-B6CF-408D-BE89-6B502F450700}.Debug|x86.Build.0 = Debug|Win32
		{247DB427-B6CF-408D-BE89-6B502F450700}.Release|x64.ActiveCfg = Release|x64
		{247DB427-B6CF-408D-BE89-6B502F450700}.Release|x64.Build.0 = Release|x64
		{247DB427-B6CF-408D-BE89-6B502F450700}.Release|x86.ActiveCfg = Release|Win32
		{247DB427-B6CF-408D-BE89-6B502F450700}.Release|x86.Build.0 = Release|Win32
	EndGlobalSection
	GlobalSection(SolutionProperties) = preSolution
		HideSolutionNode = FALSE
	EndGlobalSection
	GlobalSection(ExtensibilityGlobals) = postSolution
		SolutionGuid = {1BC1DB11-8F84-4ADF-A45E-E521FF3A9FA2}
	EndGlobalSection
EndGlobal
